{
  "name": "global_warming_static",
  "version": "1.0.0",
  "lockfileVersion": 2,
  "requires": true,
  "packages": {
    "": {
      "name": "global_warming_static",
      "version": "1.0.0",
      "license": "MPL-2.0",
      "dependencies": {
        "plotly.js-dist-min": "^2.12.1"
      }
    },
    "node_modules/plotly.js-dist-min": {
      "version": "2.12.1",
      "resolved": "https://registry.npmjs.org/plotly.js-dist-min/-/plotly.js-dist-min-2.12.1.tgz",
      "integrity": "sha512-JFYDn/eKXlbaEr6touiiZsb745fHsd7cLhXDWSTVon4sdcx19pdPKf1f5jXf5xwZ8Dv5L28Lb5OPmxAkBp/6rw=="
    }
  },
  "dependencies": {
    "plotly.js-dist-min": {
      "version": "2.12.1",
      "resolved": "https://registry.npmjs.org/plotly.js-dist-min/-/plotly.js-dist-min-2.12.1.tgz",
      "integrity": "sha512-JFYDn/eKXlbaEr6touiiZsb745fHsd7cLhXDWSTVon4sdcx19pdPKf1f5jXf5xwZ8Dv5L28Lb5OPmxAkBp/6rw=="
    }
  }
}
